Microsoft Visual Studio Solution File, Format Version 12.00
# Visual Studio Version 17
VisualStudioVersion = 17.5.2.0
MinimumVisualStudioVersion = 10.0.40219.1
Project("{FAE04EC0-301F-11D3-BF4B-00C04F79EFBC}") = "SPINNING-MEMORY.Api", "SPINNING-MEMORY.Api.csproj", "{A9AD9140-97FE-610C-D33A-39194A3A65D7}"
EndProject
Global
	GlobalSection(SolutionConfigurationPlatforms) = preSolution
		Debug|Any CPU = Debug|Any CPU
		Release|Any CPU = Release|Any CPU
	EndGlobalSection
	GlobalSection(ProjectConfigurationPlatforms) = postSolution
		{A9AD9140-97FE-610C-D33A-39194A3A65D7}.Debug|Any CPU.ActiveCfg = Debug|Any CPU
		{A9AD9140-97FE-610C-D33A-39194A3A65D7}.Debug|Any CPU.Build.0 = Debug|Any CPU
		{A9AD9140-97FE-610C-D33A-39194A3A65D7}.Release|Any CPU.ActiveCfg = Release|Any CPU
		{A9AD9140-97FE-610C-D33A-39194A3A65D7}.Release|Any CPU.Build.0 = Release|Any CPU
	EndGlobalSection
	GlobalSection(SolutionProperties) = preSolution
		HideSolutionNode = FALSE
	EndGlobalSection
	GlobalSection(ExtensibilityGlobals) = postSolution
		SolutionGuid = {077023E6-7DD6-4796-8D87-13C802C6AE56}
	EndGlobalSection
EndGlobal
